// !$*UTF8*$!
{
	archiveVersion = 1;
	classes = {
	};
	objectVersion = 50;
	objects = {

/* Begin PBXBuildFile section */
		25AB9B752432BC5800AD83F6 /* AppDelegate.swift in Sources */ = {isa = PBXBuildFile; fileRef = 25AB9B742432BC5800AD83F6 /* AppDelegate.swift */; };
		25AB9B772432BC5800AD83F6 /* SceneDelegate.swift in Sources */ = {isa = PBXBuildFile; fileRef = 25AB9B762432BC5800AD83F6 /* SceneDelegate.swift */; };
		25AB9B792432BC5800AD83F6 /* ViewController.swift in Sources */ = {isa = PBXBuildFile; fileRef = 25AB9B782432BC5800AD83F6 /* ViewController.swift */; };
		25AB9B7C2432BC5800AD83F6 /* Main.storyboard in Resources */ = {isa = PBXBuildFile; fileRef = 25AB9B7A2432BC5800AD83F6 /* Main.storyboard */; };
		25AB9B7E2432BC5A00AD83F6 /* Assets.xcassets in Resources */ = {isa = PBXBuildFile; fileRef = 25AB9B7D2432BC5A00AD83F6 /* Assets.xcassets */; };
		25AB9B812432BC5A00AD83F6 /* LaunchScreen.storyboard in Resources */ = {isa = PBXBuildFile; fileRef = 25AB9B7F2432BC5A00AD83F6 /* LaunchScreen.storyboard */; };
		25AB9B952432CBF400AD83F6 /* SpotifyiOS.framework in Frameworks */ = {isa = PBXBuildFile; fileRef = 25AB9B942432CBF400AD83F6 /* SpotifyiOS.framework */; };
		25AB9B962432CBF400AD83F6 /* SpotifyiOS.framework in Embed Frameworks */ = {isa = PBXBuildFile; fileRef = 25AB9B942432CBF400AD83F6 /* SpotifyiOS.framework */; settings = {ATTRIBUTES = (RemoveHeadersOnCopy, ); }; };
/* End PBXBuildFile section */

/* Begin PBXCopyFilesBuildPhase section */
		25AB9B972432CBF400AD83F6 /* Embed Frameworks */ = {
			isa = PBXCopyFilesBuildPhase;
			buildActionMask = 2147483647;
			dstPath = "";
			dstSubfolderSpec = 10;
			files = (
				25AB9B962432CBF400AD83F6 /* SpotifyiOS.framework in Embed Frameworks */,
			);
			name = "Embed Frameworks";
			runOnlyForDeploymentPostprocessing = 0;
		};
/* End PBXCopyFilesBuildPhase section */

/* Begin PBXFileReference section */
		25AB9B712432BC5800AD83F6 /* OurQueue.app */ = {isa = PBXFileReference; explicitFileType = wrapper.application; includeInIndex = 0; path = OurQueue.app; sourceTree = BUILT_PRODUCTS_DIR; };
		25AB9B742432BC5800AD83F6 /* AppDelegate.swift */ = {isa = PBXFileReference; lastKnownFileType = sourcecode.swift; path = AppDelegate.swift; sourceTree = "<group>"; };
		25AB9B762432BC5800AD83F6 /* SceneDelegate.swift */ = {isa = PBXFileReference; lastKnownFileType = sourcecode.swift; path = SceneDelegate.swift; sourceTree = "<group>"; };
		25AB9B782432BC5800AD83F6 /* ViewController.swift */ = {isa = PBXFileReference; lastKnownFileType = sourcecode.swift; path = ViewController.swift; sourceTree = "<group>"; };
		25AB9B7B2432BC5800AD83F6 /* Base */ = {isa = PBXFileReference; lastKnownFileType = file.storyboard; name = Base; path = Base.lproj/Main.storyboard; sourceTree = "<group>"; };
		25AB9B7D2432BC5A00AD83F6 /* Assets.xcassets */ = {isa = PBXFileReference; lastKnownFileType = folder.assetcatalog; path = Assets.xcassets; sourceTree = "<group>"; };
		25AB9B802432BC5A00AD83F6 /* Base */ = {isa = PBXFileReference; lastKnownFileType = file.storyboard; name = Base; path = Base.lproj/LaunchScreen.storyboard; sourceTree = "<group>"; };
		25AB9B822432BC5A00AD83F6 /* Info.plist */ = {isa = PBXFileReference; lastKnownFileType = text.plist.xml; path = Info.plist; sourceTree = "<group>"; };
		25AB9B8F2432C47200AD83F6 /* OurQueue-Bridging-Header.h */ = {isa = PBXFileReference; lastKnownFileType = sourcecode.c.h; path = "OurQueue-Bridging-Header.h"; sourceTree = "<group>"; };
		25AB9B942432CBF400AD83F6 /* SpotifyiOS.framework */ = {isa = PBXFileReference; lastKnownFileType = wrapper.framework; name = SpotifyiOS.framework; path = "../../Downloads/ios-sdk-master 2/SpotifyiOS.framework"; sourceTree = "<group>"; };
/* End PBXFileReference section */

/* Begin PBXFrameworksBuildPhase section */
		25AB9B6E2432BC5800AD83F6 /* Frameworks */ = {
			isa = PBXFrameworksBuildPhase;
			buildActionMask = 2147483647;
			files = (
				25AB9B952432CBF400AD83F6 /* SpotifyiOS.framework in Frameworks */,
			);
			runOnlyForDeploymentPostprocessing = 0;
		};
/* End PBXFrameworksBuildPhase section */

/* Begin PBXGroup section */
		25AB9B682432BC5800AD83F6 = {
			isa = PBXGroup;
			children = (
				25AB9B732432BC5800AD83F6 /* OurQueue */,
				25AB9B722432BC5800AD83F6 /* Products */,
				25AB9B882432BDC700AD83F6 /* Frameworks */,
			);
			sourceTree = "<group>";
		};
		25AB9B722432BC5800AD83F6 /* Products */ = {
			isa = PBXGroup;
			children = (
				25AB9B712432BC5800AD83F6 /* OurQueue.app */,
			);
			name = Products;
			sourceTree = "<group>";
		};
		25AB9B732432BC5800AD83F6 /* OurQueue */ = {
			isa = PBXGroup;
			children = (
				25AB9B8F2432C47200AD83F6 /* OurQueue-Bridging-Header.h */,
				25AB9B742432BC5800AD83F6 /* AppDelegate.swift */,
				25AB9B762432BC5800AD83F6 /* SceneDelegate.swift */,
				25AB9B782432BC5800AD83F6 /* ViewController.swift */,
				25AB9B7A2432BC5800AD83F6 /* Main.storyboard */,
				25AB9B7D2432BC5A00AD83F6 /* Assets.xcassets */,
				25AB9B7F2432BC5A00AD83F6 /* LaunchScreen.storyboard */,
				25AB9B822432BC5A00AD83F6 /* Info.plist */,
			);
			path = OurQueue;
			sourceTree = "<group>";
		};
		25AB9B882432BDC700AD83F6 /* Frameworks */ = {
			isa = PBXGroup;
			children = (
				25AB9B942432CBF400AD83F6 /* SpotifyiOS.framework */,
			);
			name = Frameworks;
			sourceTree = "<group>";
		};
/* End PBXGroup section */

/* Begin PBXNativeTarget section */
		25AB9B702432BC5800AD83F6 /* OurQueue */ = {
			isa = PBXNativeTarget;
			buildConfigurationList = 25AB9B852432BC5A00AD83F6 /* Build configuration list for PBXNativeTarget "OurQueue" */;
			buildPhases = (
				25AB9B6D2432BC5800AD83F6 /* Sources */,
				25AB9B6E2432BC5800AD83F6 /* Frameworks */,
				25AB9B6F2432BC5800AD83F6 /* Resources */,
				25AB9B972432CBF400AD83F6 /* Embed Frameworks */,
			);
			buildRules = (
			);
			dependencies = (
			);
			name = OurQueue;
			productName = OurQueue;
			productReference = 25AB9B712432BC5800AD83F6 /* OurQueue.app */;
			productType = "com.apple.product-type.application";
		};
/* End PBXNativeTarget section */

/* Begin PBXProject section */
		25AB9B692432BC5800AD83F6 /* Project object */ = {
			isa = PBXProject;
			attributes = {
				LastSwiftUpdateCheck = 1130;
				LastUpgradeCheck = 1130;
				ORGANIZATIONNAME = "Brendan DeMilt";
				TargetAttributes = {
					25AB9B702432BC5800AD83F6 = {
						CreatedOnToolsVersion = 11.3.1;
					};
				};
			};
			buildConfigurationList = 25AB9B6C2432BC5800AD83F6 /* Build configuration list for PBXProject "OurQueue" */;
			compatibilityVersion = "Xcode 9.3";
			developmentRegion = en;
			hasScannedForEncodings = 0;
			knownRegions = (
				en,
				Base,
			);
			mainGroup = 25AB9B682432BC5800AD83F6;
			productRefGroup = 25AB9B722432BC5800AD83F6 /* Products */;
			projectDirPath = "";
			projectRoot = "";
			targets = (
				25AB9B702432BC5800AD83F6 /* OurQueue */,
			);
		};
/* End PBXProject section */

/* Begin PBXResourcesBuildPhase section */
		25AB9B6F2432BC5800AD83F6 /* Resources */ = {
			isa = PBXResourcesBuildPhase;
			buildActionMask = 2147483647;
			files = (
				25AB9B812432BC5A00AD83F6 /* LaunchScreen.storyboard in Resources */,
				25AB9B7E2432BC5A00AD83F6 /* Assets.xcassets in Resources */,
				25AB9B7C2432BC5800AD83F6 /* Main.storyboard in Resources */,
			);
			runOnlyForDeploymentPostprocessing = 0;
		};
/* End PBXResourcesBuildPhase section */

/* Begin PBXSourcesBuildPhase section */
		25AB9B6D2432BC5800AD83F6 /* Sources */ = {
			isa = PBXSourcesBuildPhase;
			buildActionMask = 2147483647;
			files = (
				25AB9B792432BC5800AD83F6 /* ViewController.swift in Sources */,
				25AB9B752432BC5800AD83F6 /* AppDelegate.swift in Sources */,
				25AB9B772432BC5800AD83F6 /* SceneDelegate.swift in Sources */,
			);
			runOnlyForDeploymentPostprocessing = 0;
		};
/* End PBXSourcesBuildPhase section */

/* Begin PBXVariantGroup section */
		25AB9B7A2432BC5800AD83F6 /* Main.storyboard */ = {
			isa = PBXVariantGroup;
			children = (
				25AB9B7B2432BC5800AD83F6 /* Base */,
			);
			name = Main.storyboard;
			sourceTree = "<group>";
		};
		25AB9B7F2432BC5A00AD83F6 /* LaunchScreen.storyboard */ = {
			isa = PBXVariantGroup;
			children = (
				25AB9B802432BC5A00AD83F6 /* Base */,
			);
			name = LaunchScreen.storyboard;
			sourceTree = "<group>";
		};
/* End PBXVariantGroup section */

/* Begin XCBuildConfiguration section */
		25AB9B832432BC5A00AD83F6 /* Debug */ = {
			isa = XCBuildConfiguration;
			buildSettings = {
				ALWAYS_SEARCH_USER_PATHS = NO;
				CLANG_ANALYZER_NONNULL = YES;
				CLANG_ANALYZER_NUMBER_OBJECT_CONVERSION = YES_AGGRESSIVE;
				CLANG_CXX_LANGUAGE_STANDARD = "gnu++14";
				CLANG_CXX_LIBRARY = "libc++";
				CLANG_ENABLE_MODULES = YES;
				CLANG_ENABLE_OBJC_ARC = YES;
				CLANG_ENABLE_OBJC_WEAK = YES;
				CLANG_WARN_BLOCK_CAPTURE_AUTORELEASING = YES;
				CLANG_WARN_BOOL_CONVERSION = YES;
				CLANG_WARN_COMMA = YES;
				CLANG_WARN_CONSTANT_CONVERSION = YES;
				CLANG_WARN_DEPRECATED_OBJC_IMPLEMENTATIONS = YES;
				CLANG_WARN_DIRECT_OBJC_ISA_USAGE = YES_ERROR;
				CLANG_WARN_DOCUMENTATION_COMMENTS = YES;
				CLANG_WARN_EMPTY_BODY = YES;
				CLANG_WARN_ENUM_CONVERSION = YES;
				CLANG_WARN_INFINITE_RECURSION = YES;
				CLANG_WARN_INT_CONVERSION = YES;
				CLANG_WARN_NON_LITERAL_NULL_CONVERSION = YES;
				CLANG_WARN_OBJC_IMPLICIT_RETAIN_SELF = YES;
				CLANG_WARN_OBJC_LITERAL_CONVERSION = YES;
				CLANG_WARN_OBJC_ROOT_CLASS = YES_ERROR;
				CLANG_WARN_RANGE_LOOP_ANALYSIS = YES;
				CLANG_WARN_STRICT_PROTOTYPES = YES;
				CLANG_WARN_SUSPICIOUS_MOVE = YES;
				CLANG_WARN_UNGUARDED_AVAILABILITY = YES_AGGRESSIVE;
				CLANG_WARN_UNREACHABLE_CODE = YES;
				CLANG_WARN__DUPLICATE_METHOD_MATCH = YES;
				COPY_PHASE_STRIP = NO;
				DEBUG_INFORMATION_FORMAT = dwarf;
				ENABLE_STRICT_OBJC_MSGSEND = YES;
				ENABLE_TESTABILITY = YES;
				GCC_C_LANGUAGE_STANDARD = gnu11;
				GCC_DYNAMIC_NO_PIC = NO;
				GCC_NO_COMMON_BLOCKS = YES;
				GCC_OPTIMIZATION_LEVEL = 0;
				GCC_PREPROCESSOR_DEFINITIONS = (
					"DEBUG=1",
					"$(inherited)",
				);
				GCC_WARN_64_TO_32_BIT_CONVERSION = YES;
				GCC_WARN_ABOUT_RETURN_TYPE = YES_ERROR;
				GCC_WARN_UNDECLARED_SELECTOR = YES;
				GCC_WARN_UNINITIALIZED_AUTOS = YES_AGGRESSIVE;
				GCC_WARN_UNUSED_FUNCTION = YES;
				GCC_WARN_UNUSED_VARIABLE = YES;
				IPHONEOS_DEPLOYMENT_TARGET = 13.2;
				MTL_ENABLE_DEBUG_INFO = INCLUDE_SOURCE;
				MTL_FAST_MATH = YES;
				ONLY_ACTIVE_ARCH = YES;
				SDKROOT = iphoneos;
				SWIFT_ACTIVE_COMPILATION_CONDITIONS = DEBUG;
				SWIFT_OPTIMIZATION_LEVEL = "-Onone";
			};
			name = Debug;
		};
		25AB9B842432BC5A00AD83F6 /* Release */ = {
			isa = XCBuildConfiguration;
			buildSettings = {
				ALWAYS_SEARCH_USER_PATHS = NO;
				CLANG_ANALYZER_NONNULL = YES;
				CLANG_ANALYZER_NUMBER_OBJECT_CONVERSION = YES_AGGRESSIVE;
				CLANG_CXX_LANGUAGE_STANDARD = "gnu++14";
				CLANG_CXX_LIBRARY = "libc++";
				CLANG_ENABLE_MODULES = YES;
				CLANG_ENABLE_OBJC_ARC = YES;
				CLANG_ENABLE_OBJC_WEAK = YES;
				CLANG_WARN_BLOCK_CAPTURE_AUTORELEASING = YES;
				CLANG_WARN_BOOL_CONVERSION = YES;
				CLANG_WARN_COMMA = YES;
				CLANG_WARN_CONSTANT_CONVERSION = YES;
				CLANG_WARN_DEPRECATED_OBJC_IMPLEMENTATIONS = YES;
				CLANG_WARN_DIRECT_OBJC_ISA_USAGE = YES_ERROR;
				CLANG_WARN_DOCUMENTATION_COMMENTS = YES;
				CLANG_WARN_EMPTY_BODY = YES;
				CLANG_WARN_ENUM_CONVERSION = YES;
				CLANG_WARN_INFINITE_RECURSION = YES;
				CLANG_WARN_INT_CONVERSION = YES;
				CLANG_WARN_NON_LITERAL_NULL_CONVERSION = YES;
				CLANG_WARN_OBJC_IMPLICIT_RETAIN_SELF = YES;
				CLANG_WARN_OBJC_LITERAL_CONVERSION = YES;
				CLANG_WARN_OBJC_ROOT_CLASS = YES_ERROR;
				CLANG_WARN_RANGE_LOOP_ANALYSIS = YES;
				CLANG_WARN_STRICT_PROTOTYPES = YES;
				CLANG_WARN_SUSPICIOUS_MOVE = YES;
				CLANG_WARN_UNGUARDED_AVAILABILITY = YES_AGGRESSIVE;
				CLANG_WARN_UNREACHABLE_CODE = YES;
				CLANG_WARN__DUPLICATE_METHOD_MATCH = YES;
				COPY_PHASE_STRIP = NO;
				DEBUG_INFORMATION_FORMAT = "dwarf-with-dsym";
				ENABLE_NS_ASSERTIONS = NO;
				ENABLE_STRICT_OBJC_MSGSEND = YES;
				GCC_C_LANGUAGE_STANDARD = gnu11;
				GCC_NO_COMMON_BLOCKS = YES;
				GCC_WARN_64_TO_32_BIT_CONVERSION = YES;
				GCC_WARN_ABOUT_RETURN_TYPE = YES_ERROR;
				GCC_WARN_UNDECLARED_SELECTOR = YES;
				GCC_WARN_UNINITIALIZED_AUTOS = YES_AGGRESSIVE;
				GCC_WARN_UNUSED_FUNCTION = YES;
				GCC_WARN_UNUSED_VARIABLE = YES;
				IPHONEOS_DEPLOYMENT_TARGET = 13.2;
				MTL_ENABLE_DEBUG_INFO = NO;
				MTL_FAST_MATH = YES;
				SDKROOT = iphoneos;
				SWIFT_COMPILATION_MODE = wholemodule;
				SWIFT_OPTIMIZATION_LEVEL = "-O";
				VALIDATE_PRODUCT = YES;
			};
			name = Release;
		};
		25AB9B862432BC5A00AD83F6 /* Debug */ = {
			isa = XCBuildConfiguration;
			buildSettings = {
				ASSETCATALOG_COMPILER_APPICON_NAME = AppIcon;
				CODE_SIGN_STYLE = Automatic;
				DEVELOPMENT_TEAM = 9XJ7E5RHQ9;
				FRAMEWORK_SEARCH_PATHS = "/Users/bdemilt/Downloads/ios-sdk-master\\ 2/";
				INFOPLIST_FILE = OurQueue/Info.plist;
				LD_RUNPATH_SEARCH_PATHS = (
					"$(inherited)",
					"@executable_path/Frameworks",
				);
				LIBRARY_SEARCH_PATHS = "";
				OTHER_LDFLAGS = "-ObjC";
				PRODUCT_BUNDLE_IDENTIFIER = bdemilt.OurQueue;
				PRODUCT_NAME = "$(TARGET_NAME)";
				SWIFT_OBJC_BRIDGING_HEADER = "OurQueue/OurQueue-Bridging-Header.h";
				SWIFT_SWIFT3_OBJC_INFERENCE = Default;
				SWIFT_VERSION = 5.0;
				TARGETED_DEVICE_FAMILY = "1,2";
			};
			name = Debug;
		};
		25AB9B872432BC5A00AD83F6 /* Release */ = {
			isa = XCBuildConfiguration;
			buildSettings = {
				ASSETCATALOG_COMPILER_APPICON_NAME = AppIcon;
				CODE_SIGN_STYLE = Automatic;
				DEVELOPMENT_TEAM = 9XJ7E5RHQ9;
				FRAMEWORK_SEARCH_PATHS = "/Users/bdemilt/Downloads/ios-sdk-master\\ 2/";
				INFOPLIST_FILE = OurQueue/Info.plist;
				LD_RUNPATH_SEARCH_PATHS = (
					"$(inherited)",
					"@executable_path/Frameworks",
				);
				LIBRARY_SEARCH_PATHS = "";
				OTHER_LDFLAGS = "-ObjC";
				PRODUCT_BUNDLE_IDENTIFIER = bdemilt.OurQueue;
				PRODUCT_NAME = "$(TARGET_NAME)";
				SWIFT_OBJC_BRIDGING_HEADER = "OurQueue/OurQueue-Bridging-Header.h";
				SWIFT_SWIFT3_OBJC_INFERENCE = Default;
				SWIFT_VERSION = 5.0;
				TARGETED_DEVICE_FAMILY = "1,2";
			};
			name = Release;
		};
/* End XCBuildConfiguration section */

/* Begin XCConfigurationList section */
		25AB9B6C2432BC5800AD83F6 /* Build configuration list for PBXProject "OurQueue" */ = {
			isa = XCConfigurationList;
			buildConfigurations = (
				25AB9B832432BC5A00AD83F6 /* Debug */,
				25AB9B842432BC5A00AD83F6 /* Release */,
			);
			defaultConfigurationIsVisible = 0;
			defaultConfigurationName = Release;
		};
		25AB9B852432BC5A00AD83F6 /* Build configuration list for PBXNativeTarget "OurQueue" */ = {
			isa = XCConfigurationList;
			buildConfigurations = (
				25AB9B862432BC5A00AD83F6 /* Debug */,
				25AB9B872432BC5A00AD83F6 /* Release */,
			);
			defaultConfigurationIsVisible = 0;
			defaultConfigurationName = Release;
		};
/* End XCConfigurationList section */
	};
	rootObject = 25AB9B692432BC5800AD83F6 /* Project object */;
}
