// !$*UTF8*$!
{
	archiveVersion = 1;
	classes = {
	};
	objectVersion = 52;
	objects = {

/* Begin PBXBuildFile section */
		2526B429243D1E6A001222C8 /* MainNavVC.swift in Sources */ = {isa = PBXBuildFile; fileRef = 2526B428243D1E6A001222C8 /* MainNavVC.swift */; };
		2526B42B243D4DA4001222C8 /* HostMC.swift in Sources */ = {isa = PBXBuildFile; fileRef = 2526B42A243D4DA4001222C8 /* HostMC.swift */; };
		2526B42D243D586B001222C8 /* SessionTable.swift in Sources */ = {isa = PBXBuildFile; fileRef = 2526B42C243D586B001222C8 /* SessionTable.swift */; };
		2526B42F243D90C0001222C8 /* ClientMC.swift in Sources */ = {isa = PBXBuildFile; fileRef = 2526B42E243D90C0001222C8 /* ClientMC.swift */; };
		2535839B243ACDD300014BE5 /* StartView.swift in Sources */ = {isa = PBXBuildFile; fileRef = 2535839A243ACDD300014BE5 /* StartView.swift */; };
		2543D0D3245BB9D700E1CD8C /* PlayBackController.swift in Sources */ = {isa = PBXBuildFile; fileRef = 2543D0D2245BB9D700E1CD8C /* PlayBackController.swift */; };
		25495633243C03B500530D2F /* BeginViewController.swift in Sources */ = {isa = PBXBuildFile; fileRef = 25495632243C03B500530D2F /* BeginViewController.swift */; };
		25501EF1243FC7AE004ADE90 /* StyledButton.swift in Sources */ = {isa = PBXBuildFile; fileRef = 25501EF0243FC7AE004ADE90 /* StyledButton.swift */; };
		257332DD243879C100FDA145 /* SceneDelegate.swift in Sources */ = {isa = PBXBuildFile; fileRef = 257332DC243879C100FDA145 /* SceneDelegate.swift */; };
		257332E02439717100FDA145 /* KeychainSwift in Frameworks */ = {isa = PBXBuildFile; productRef = 257332DF2439717100FDA145 /* KeychainSwift */; };
		25784537243AF43C00F29B52 /* SpotifyiOS.framework in Frameworks */ = {isa = PBXBuildFile; fileRef = 25784535243AF43500F29B52 /* SpotifyiOS.framework */; settings = {ATTRIBUTES = (Required, ); }; };
		2591B9F0243EB0A000DD7ECE /* HostInSessionVC.swift in Sources */ = {isa = PBXBuildFile; fileRef = 2591B9EF243EB0A000DD7ECE /* HostInSessionVC.swift */; };
		259B50CA24402F5700297EF7 /* ClientInSession.swift in Sources */ = {isa = PBXBuildFile; fileRef = 259B50C924402F5700297EF7 /* ClientInSession.swift */; };
		25A5D9DD2440FED00098074E /* SearchTable.swift in Sources */ = {isa = PBXBuildFile; fileRef = 25A5D9DC2440FED00098074E /* SearchTable.swift */; };
		25AB9B752432BC5800AD83F6 /* AppDelegate.swift in Sources */ = {isa = PBXBuildFile; fileRef = 25AB9B742432BC5800AD83F6 /* AppDelegate.swift */; };
		25AB9B792432BC5800AD83F6 /* ViewController.swift in Sources */ = {isa = PBXBuildFile; fileRef = 25AB9B782432BC5800AD83F6 /* ViewController.swift */; };
		25AB9B7C2432BC5800AD83F6 /* Main.storyboard in Resources */ = {isa = PBXBuildFile; fileRef = 25AB9B7A2432BC5800AD83F6 /* Main.storyboard */; };
		25AB9B7E2432BC5A00AD83F6 /* Assets.xcassets in Resources */ = {isa = PBXBuildFile; fileRef = 25AB9B7D2432BC5A00AD83F6 /* Assets.xcassets */; };
		25AB9B812432BC5A00AD83F6 /* LaunchScreen.storyboard in Resources */ = {isa = PBXBuildFile; fileRef = 25AB9B7F2432BC5A00AD83F6 /* LaunchScreen.storyboard */; };
		25AB9B9B2432FD7800AD83F6 /* SpotifyModel.swift in Sources */ = {isa = PBXBuildFile; fileRef = 25AB9B9A2432FD7800AD83F6 /* SpotifyModel.swift */; };
		25B9BBC7243C49C800A80A7A /* JoinVC.swift in Sources */ = {isa = PBXBuildFile; fileRef = 25B9BBC6243C49C800A80A7A /* JoinVC.swift */; };
		25B9BBC9243C49D700A80A7A /* CreateVC.swift in Sources */ = {isa = PBXBuildFile; fileRef = 25B9BBC8243C49D700A80A7A /* CreateVC.swift */; };
		79C4921B21EE8485B4D2E4EF /* libPods-OurQueue.a in Frameworks */ = {isa = PBXBuildFile; fileRef = 872CFC9BA33F75B082B4236D /* libPods-OurQueue.a */; };
/* End PBXBuildFile section */

/* Begin PBXFileReference section */
		13DD8A7DBD69FD633758D978 /* Pods-OurQueue.debug.xcconfig */ = {isa = PBXFileReference; includeInIndex = 1; lastKnownFileType = text.xcconfig; name = "Pods-OurQueue.debug.xcconfig"; path = "Target Support Files/Pods-OurQueue/Pods-OurQueue.debug.xcconfig"; sourceTree = "<group>"; };
		2526B428243D1E6A001222C8 /* MainNavVC.swift */ = {isa = PBXFileReference; lastKnownFileType = sourcecode.swift; path = MainNavVC.swift; sourceTree = "<group>"; };
		2526B42A243D4DA4001222C8 /* HostMC.swift */ = {isa = PBXFileReference; lastKnownFileType = sourcecode.swift; path = HostMC.swift; sourceTree = "<group>"; };
		2526B42C243D586B001222C8 /* SessionTable.swift */ = {isa = PBXFileReference; lastKnownFileType = sourcecode.swift; path = SessionTable.swift; sourceTree = "<group>"; };
		2526B42E243D90C0001222C8 /* ClientMC.swift */ = {isa = PBXFileReference; lastKnownFileType = sourcecode.swift; path = ClientMC.swift; sourceTree = "<group>"; };
		2535839A243ACDD300014BE5 /* StartView.swift */ = {isa = PBXFileReference; lastKnownFileType = sourcecode.swift; path = StartView.swift; sourceTree = "<group>"; };
		2543D0D2245BB9D700E1CD8C /* PlayBackController.swift */ = {isa = PBXFileReference; lastKnownFileType = sourcecode.swift; path = PlayBackController.swift; sourceTree = "<group>"; };
		25495632243C03B500530D2F /* BeginViewController.swift */ = {isa = PBXFileReference; lastKnownFileType = sourcecode.swift; path = BeginViewController.swift; sourceTree = "<group>"; };
		25501EF0243FC7AE004ADE90 /* StyledButton.swift */ = {isa = PBXFileReference; lastKnownFileType = sourcecode.swift; path = StyledButton.swift; sourceTree = "<group>"; };
		257332DC243879C100FDA145 /* SceneDelegate.swift */ = {isa = PBXFileReference; fileEncoding = 4; lastKnownFileType = sourcecode.swift; path = SceneDelegate.swift; sourceTree = "<group>"; };
		25784535243AF43500F29B52 /* SpotifyiOS.framework */ = {isa = PBXFileReference; lastKnownFileType = wrapper.framework; name = SpotifyiOS.framework; path = "../../Downloads/ios-sdk-master 2/SpotifyiOS.framework"; sourceTree = "<group>"; };
		2591B9EF243EB0A000DD7ECE /* HostInSessionVC.swift */ = {isa = PBXFileReference; lastKnownFileType = sourcecode.swift; path = HostInSessionVC.swift; sourceTree = "<group>"; };
		259B50C924402F5700297EF7 /* ClientInSession.swift */ = {isa = PBXFileReference; lastKnownFileType = sourcecode.swift; path = ClientInSession.swift; sourceTree = "<group>"; };
		25A5D9DC2440FED00098074E /* SearchTable.swift */ = {isa = PBXFileReference; lastKnownFileType = sourcecode.swift; path = SearchTable.swift; sourceTree = "<group>"; };
		25AB9B712432BC5800AD83F6 /* OurQueue.app */ = {isa = PBXFileReference; explicitFileType = wrapper.application; includeInIndex = 0; path = OurQueue.app; sourceTree = BUILT_PRODUCTS_DIR; };
		25AB9B742432BC5800AD83F6 /* AppDelegate.swift */ = {isa = PBXFileReference; lastKnownFileType = sourcecode.swift; path = AppDelegate.swift; sourceTree = "<group>"; };
		25AB9B782432BC5800AD83F6 /* ViewController.swift */ = {isa = PBXFileReference; lastKnownFileType = sourcecode.swift; path = ViewController.swift; sourceTree = "<group>"; };
		25AB9B7B2432BC5800AD83F6 /* Base */ = {isa = PBXFileReference; lastKnownFileType = file.storyboard; name = Base; path = Base.lproj/Main.storyboard; sourceTree = "<group>"; };
		25AB9B7D2432BC5A00AD83F6 /* Assets.xcassets */ = {isa = PBXFileReference; lastKnownFileType = folder.assetcatalog; path = Assets.xcassets; sourceTree = "<group>"; };
		25AB9B802432BC5A00AD83F6 /* Base */ = {isa = PBXFileReference; lastKnownFileType = file.storyboard; name = Base; path = Base.lproj/LaunchScreen.storyboard; sourceTree = "<group>"; };
		25AB9B822432BC5A00AD83F6 /* Info.plist */ = {isa = PBXFileReference; lastKnownFileType = text.plist.xml; path = Info.plist; sourceTree = "<group>"; };
		25AB9B8F2432C47200AD83F6 /* OurQueue-Bridging-Header.h */ = {isa = PBXFileReference; lastKnownFileType = sourcecode.c.h; path = "OurQueue-Bridging-Header.h"; sourceTree = "<group>"; };
		25AB9B9A2432FD7800AD83F6 /* SpotifyModel.swift */ = {isa = PBXFileReference; lastKnownFileType = sourcecode.swift; path = SpotifyModel.swift; sourceTree = "<group>"; };
		25B9BBC6243C49C800A80A7A /* JoinVC.swift */ = {isa = PBXFileReference; lastKnownFileType = sourcecode.swift; path = JoinVC.swift; sourceTree = "<group>"; };
		25B9BBC8243C49D700A80A7A /* CreateVC.swift */ = {isa = PBXFileReference; lastKnownFileType = sourcecode.swift; path = CreateVC.swift; sourceTree = "<group>"; };
		872CFC9BA33F75B082B4236D /* libPods-OurQueue.a */ = {isa = PBXFileReference; explicitFileType = archive.ar; includeInIndex = 0; path = "libPods-OurQueue.a"; sourceTree = BUILT_PRODUCTS_DIR; };
		F6A12DDE91DB2F2C25EF3FCD /* Pods-OurQueue.release.xcconfig */ = {isa = PBXFileReference; includeInIndex = 1; lastKnownFileType = text.xcconfig; name = "Pods-OurQueue.release.xcconfig"; path = "Target Support Files/Pods-OurQueue/Pods-OurQueue.release.xcconfig"; sourceTree = "<group>"; };
/* End PBXFileReference section */

/* Begin PBXFrameworksBuildPhase section */
		25AB9B6E2432BC5800AD83F6 /* Frameworks */ = {
			isa = PBXFrameworksBuildPhase;
			buildActionMask = 2147483647;
			files = (
				257332E02439717100FDA145 /* KeychainSwift in Frameworks */,
				25784537243AF43C00F29B52 /* SpotifyiOS.framework in Frameworks */,
				79C4921B21EE8485B4D2E4EF /* libPods-OurQueue.a in Frameworks */,
			);
			runOnlyForDeploymentPostprocessing = 0;
		};
/* End PBXFrameworksBuildPhase section */

/* Begin PBXGroup section */
		25AB9B682432BC5800AD83F6 = {
			isa = PBXGroup;
			children = (
				25AB9B732432BC5800AD83F6 /* OurQueue */,
				25AB9B722432BC5800AD83F6 /* Products */,
				25AB9B882432BDC700AD83F6 /* Frameworks */,
				5520419975FBF48947676022 /* Pods */,
			);
			sourceTree = "<group>";
		};
		25AB9B722432BC5800AD83F6 /* Products */ = {
			isa = PBXGroup;
			children = (
				25AB9B712432BC5800AD83F6 /* OurQueue.app */,
			);
			name = Products;
			sourceTree = "<group>";
		};
		25AB9B732432BC5800AD83F6 /* OurQueue */ = {
			isa = PBXGroup;
			children = (
				25AB9B9A2432FD7800AD83F6 /* SpotifyModel.swift */,
				25501EF0243FC7AE004ADE90 /* StyledButton.swift */,
				25AB9B8F2432C47200AD83F6 /* OurQueue-Bridging-Header.h */,
				257332DC243879C100FDA145 /* SceneDelegate.swift */,
				25AB9B742432BC5800AD83F6 /* AppDelegate.swift */,
				25AB9B782432BC5800AD83F6 /* ViewController.swift */,
				25495632243C03B500530D2F /* BeginViewController.swift */,
				25AB9B7A2432BC5800AD83F6 /* Main.storyboard */,
				25AB9B7D2432BC5A00AD83F6 /* Assets.xcassets */,
				25AB9B7F2432BC5A00AD83F6 /* LaunchScreen.storyboard */,
				25AB9B822432BC5A00AD83F6 /* Info.plist */,
				2535839A243ACDD300014BE5 /* StartView.swift */,
				25B9BBC6243C49C800A80A7A /* JoinVC.swift */,
				25B9BBC8243C49D700A80A7A /* CreateVC.swift */,
				2526B428243D1E6A001222C8 /* MainNavVC.swift */,
				2526B42C243D586B001222C8 /* SessionTable.swift */,
				2526B42A243D4DA4001222C8 /* HostMC.swift */,
				2526B42E243D90C0001222C8 /* ClientMC.swift */,
				2591B9EF243EB0A000DD7ECE /* HostInSessionVC.swift */,
				259B50C924402F5700297EF7 /* ClientInSession.swift */,
				2543D0D2245BB9D700E1CD8C /* PlayBackController.swift */,
				25A5D9DC2440FED00098074E /* SearchTable.swift */,
			);
			path = OurQueue;
			sourceTree = "<group>";
		};
		25AB9B882432BDC700AD83F6 /* Frameworks */ = {
			isa = PBXGroup;
			children = (
				25784535243AF43500F29B52 /* SpotifyiOS.framework */,
				872CFC9BA33F75B082B4236D /* libPods-OurQueue.a */,
			);
			name = Frameworks;
			sourceTree = "<group>";
		};
		5520419975FBF48947676022 /* Pods */ = {
			isa = PBXGroup;
			children = (
				13DD8A7DBD69FD633758D978 /* Pods-OurQueue.debug.xcconfig */,
				F6A12DDE91DB2F2C25EF3FCD /* Pods-OurQueue.release.xcconfig */,
			);
			path = Pods;
			sourceTree = "<group>";
		};
/* End PBXGroup section */

/* Begin PBXNativeTarget section */
		25AB9B702432BC5800AD83F6 /* OurQueue */ = {
			isa = PBXNativeTarget;
			buildConfigurationList = 25AB9B852432BC5A00AD83F6 /* Build configuration list for PBXNativeTarget "OurQueue" */;
			buildPhases = (
				F1BA60ED7514C49E53911485 /* [CP] Check Pods Manifest.lock */,
				25AB9B6D2432BC5800AD83F6 /* Sources */,
				25AB9B6E2432BC5800AD83F6 /* Frameworks */,
				25AB9B6F2432BC5800AD83F6 /* Resources */,
			);
			buildRules = (
			);
			dependencies = (
			);
			name = OurQueue;
			packageProductDependencies = (
				257332DF2439717100FDA145 /* KeychainSwift */,
			);
			productName = OurQueue;
			productReference = 25AB9B712432BC5800AD83F6 /* OurQueue.app */;
			productType = "com.apple.product-type.application";
		};
/* End PBXNativeTarget section */

/* Begin PBXProject section */
		25AB9B692432BC5800AD83F6 /* Project object */ = {
			isa = PBXProject;
			attributes = {
				LastSwiftUpdateCheck = 1130;
				LastUpgradeCheck = 1130;
				ORGANIZATIONNAME = "Brendan DeMilt";
				TargetAttributes = {
					25AB9B702432BC5800AD83F6 = {
						CreatedOnToolsVersion = 11.3.1;
					};
				};
			};
			buildConfigurationList = 25AB9B6C2432BC5800AD83F6 /* Build configuration list for PBXProject "OurQueue" */;
			compatibilityVersion = "Xcode 9.3";
			developmentRegion = en;
			hasScannedForEncodings = 0;
			knownRegions = (
				en,
				Base,
			);
			mainGroup = 25AB9B682432BC5800AD83F6;
			packageReferences = (
				257332DE2439717100FDA145 /* XCRemoteSwiftPackageReference "keychain-swift" */,
			);
			productRefGroup = 25AB9B722432BC5800AD83F6 /* Products */;
			projectDirPath = "";
			projectRoot = "";
			targets = (
				25AB9B702432BC5800AD83F6 /* OurQueue */,
			);
		};
/* End PBXProject section */

/* Begin PBXResourcesBuildPhase section */
		25AB9B6F2432BC5800AD83F6 /* Resources */ = {
			isa = PBXResourcesBuildPhase;
			buildActionMask = 2147483647;
			files = (
				25AB9B812432BC5A00AD83F6 /* LaunchScreen.storyboard in Resources */,
				25AB9B7E2432BC5A00AD83F6 /* Assets.xcassets in Resources */,
				25AB9B7C2432BC5800AD83F6 /* Main.storyboard in Resources */,
			);
			runOnlyForDeploymentPostprocessing = 0;
		};
/* End PBXResourcesBuildPhase section */

/* Begin PBXShellScriptBuildPhase section */
		F1BA60ED7514C49E53911485 /* [CP] Check Pods Manifest.lock */ = {
			isa = PBXShellScriptBuildPhase;
			buildActionMask = 2147483647;
			files = (
			);
			inputFileListPaths = (
			);
			inputPaths = (
				"${PODS_PODFILE_DIR_PATH}/Podfile.lock",
				"${PODS_ROOT}/Manifest.lock",
			);
			name = "[CP] Check Pods Manifest.lock";
			outputFileListPaths = (
			);
			outputPaths = (
				"$(DERIVED_FILE_DIR)/Pods-OurQueue-checkManifestLockResult.txt",
			);
			runOnlyForDeploymentPostprocessing = 0;
			shellPath = /bin/sh;
			shellScript = "diff \"${PODS_PODFILE_DIR_PATH}/Podfile.lock\" \"${PODS_ROOT}/Manifest.lock\" > /dev/null\nif [ $? != 0 ] ; then\n    # print error to STDERR\n    echo \"error: The sandbox is not in sync with the Podfile.lock. Run 'pod install' or update your CocoaPods installation.\" >&2\n    exit 1\nfi\n# This output is used by Xcode 'outputs' to avoid re-running this script phase.\necho \"SUCCESS\" > \"${SCRIPT_OUTPUT_FILE_0}\"\n";
			showEnvVarsInLog = 0;
		};
/* End PBXShellScriptBuildPhase section */

/* Begin PBXSourcesBuildPhase section */
		25AB9B6D2432BC5800AD83F6 /* Sources */ = {
			isa = PBXSourcesBuildPhase;
			buildActionMask = 2147483647;
			files = (
				25495633243C03B500530D2F /* BeginViewController.swift in Sources */,
				25B9BBC7243C49C800A80A7A /* JoinVC.swift in Sources */,
				25AB9B9B2432FD7800AD83F6 /* SpotifyModel.swift in Sources */,
				2535839B243ACDD300014BE5 /* StartView.swift in Sources */,
				25AB9B792432BC5800AD83F6 /* ViewController.swift in Sources */,
				25AB9B752432BC5800AD83F6 /* AppDelegate.swift in Sources */,
				25B9BBC9243C49D700A80A7A /* CreateVC.swift in Sources */,
				2543D0D3245BB9D700E1CD8C /* PlayBackController.swift in Sources */,
				2526B42B243D4DA4001222C8 /* HostMC.swift in Sources */,
				257332DD243879C100FDA145 /* SceneDelegate.swift in Sources */,
				2591B9F0243EB0A000DD7ECE /* HostInSessionVC.swift in Sources */,
				25A5D9DD2440FED00098074E /* SearchTable.swift in Sources */,
				2526B429243D1E6A001222C8 /* MainNavVC.swift in Sources */,
				259B50CA24402F5700297EF7 /* ClientInSession.swift in Sources */,
				2526B42D243D586B001222C8 /* SessionTable.swift in Sources */,
				25501EF1243FC7AE004ADE90 /* StyledButton.swift in Sources */,
				2526B42F243D90C0001222C8 /* ClientMC.swift in Sources */,
			);
			runOnlyForDeploymentPostprocessing = 0;
		};
/* End PBXSourcesBuildPhase section */

/* Begin PBXVariantGroup section */
		25AB9B7A2432BC5800AD83F6 /* Main.storyboard */ = {
			isa = PBXVariantGroup;
			children = (
				25AB9B7B2432BC5800AD83F6 /* Base */,
			);
			name = Main.storyboard;
			sourceTree = "<group>";
		};
		25AB9B7F2432BC5A00AD83F6 /* LaunchScreen.storyboard */ = {
			isa = PBXVariantGroup;
			children = (
				25AB9B802432BC5A00AD83F6 /* Base */,
			);
			name = LaunchScreen.storyboard;
			sourceTree = "<group>";
		};
/* End PBXVariantGroup section */

/* Begin XCBuildConfiguration section */
		25AB9B832432BC5A00AD83F6 /* Debug */ = {
			isa = XCBuildConfiguration;
			buildSettings = {
				ALWAYS_SEARCH_USER_PATHS = NO;
				CLANG_ANALYZER_NONNULL = YES;
				CLANG_ANALYZER_NUMBER_OBJECT_CONVERSION = YES_AGGRESSIVE;
				CLANG_CXX_LANGUAGE_STANDARD = "gnu++14";
				CLANG_CXX_LIBRARY = "libc++";
				CLANG_ENABLE_MODULES = YES;
				CLANG_ENABLE_OBJC_ARC = YES;
				CLANG_ENABLE_OBJC_WEAK = YES;
				CLANG_WARN_BLOCK_CAPTURE_AUTORELEASING = YES;
				CLANG_WARN_BOOL_CONVERSION = YES;
				CLANG_WARN_COMMA = YES;
				CLANG_WARN_CONSTANT_CONVERSION = YES;
				CLANG_WARN_DEPRECATED_OBJC_IMPLEMENTATIONS = YES;
				CLANG_WARN_DIRECT_OBJC_ISA_USAGE = YES_ERROR;
				CLANG_WARN_DOCUMENTATION_COMMENTS = YES;
				CLANG_WARN_EMPTY_BODY = YES;
				CLANG_WARN_ENUM_CONVERSION = YES;
				CLANG_WARN_INFINITE_RECURSION = YES;
				CLANG_WARN_INT_CONVERSION = YES;
				CLANG_WARN_NON_LITERAL_NULL_CONVERSION = YES;
				CLANG_WARN_OBJC_IMPLICIT_RETAIN_SELF = YES;
				CLANG_WARN_OBJC_LITERAL_CONVERSION = YES;
				CLANG_WARN_OBJC_ROOT_CLASS = YES_ERROR;
				CLANG_WARN_RANGE_LOOP_ANALYSIS = YES;
				CLANG_WARN_STRICT_PROTOTYPES = YES;
				CLANG_WARN_SUSPICIOUS_MOVE = YES;
				CLANG_WARN_UNGUARDED_AVAILABILITY = YES_AGGRESSIVE;
				CLANG_WARN_UNREACHABLE_CODE = YES;
				CLANG_WARN__DUPLICATE_METHOD_MATCH = YES;
				COPY_PHASE_STRIP = NO;
				DEBUG_INFORMATION_FORMAT = dwarf;
				ENABLE_STRICT_OBJC_MSGSEND = YES;
				ENABLE_TESTABILITY = YES;
				GCC_C_LANGUAGE_STANDARD = gnu11;
				GCC_DYNAMIC_NO_PIC = NO;
				GCC_NO_COMMON_BLOCKS = YES;
				GCC_OPTIMIZATION_LEVEL = 0;
				GCC_PREPROCESSOR_DEFINITIONS = (
					"DEBUG=1",
					"$(inherited)",
				);
				GCC_WARN_64_TO_32_BIT_CONVERSION = YES;
				GCC_WARN_ABOUT_RETURN_TYPE = YES_ERROR;
				GCC_WARN_UNDECLARED_SELECTOR = YES;
				GCC_WARN_UNINITIALIZED_AUTOS = YES_AGGRESSIVE;
				GCC_WARN_UNUSED_FUNCTION = YES;
				GCC_WARN_UNUSED_VARIABLE = YES;
				IPHONEOS_DEPLOYMENT_TARGET = 13.2;
				MTL_ENABLE_DEBUG_INFO = INCLUDE_SOURCE;
				MTL_FAST_MATH = YES;
				ONLY_ACTIVE_ARCH = YES;
				SDKROOT = iphoneos;
				SWIFT_ACTIVE_COMPILATION_CONDITIONS = DEBUG;
				SWIFT_OPTIMIZATION_LEVEL = "-Onone";
			};
			name = Debug;
		};
		25AB9B842432BC5A00AD83F6 /* Release */ = {
			isa = XCBuildConfiguration;
			buildSettings = {
				ALWAYS_SEARCH_USER_PATHS = NO;
				CLANG_ANALYZER_NONNULL = YES;
				CLANG_ANALYZER_NUMBER_OBJECT_CONVERSION = YES_AGGRESSIVE;
				CLANG_CXX_LANGUAGE_STANDARD = "gnu++14";
				CLANG_CXX_LIBRARY = "libc++";
				CLANG_ENABLE_MODULES = YES;
				CLANG_ENABLE_OBJC_ARC = YES;
				CLANG_ENABLE_OBJC_WEAK = YES;
				CLANG_WARN_BLOCK_CAPTURE_AUTORELEASING = YES;
				CLANG_WARN_BOOL_CONVERSION = YES;
				CLANG_WARN_COMMA = YES;
				CLANG_WARN_CONSTANT_CONVERSION = YES;
				CLANG_WARN_DEPRECATED_OBJC_IMPLEMENTATIONS = YES;
				CLANG_WARN_DIRECT_OBJC_ISA_USAGE = YES_ERROR;
				CLANG_WARN_DOCUMENTATION_COMMENTS = YES;
				CLANG_WARN_EMPTY_BODY = YES;
				CLANG_WARN_ENUM_CONVERSION = YES;
				CLANG_WARN_INFINITE_RECURSION = YES;
				CLANG_WARN_INT_CONVERSION = YES;
				CLANG_WARN_NON_LITERAL_NULL_CONVERSION = YES;
				CLANG_WARN_OBJC_IMPLICIT_RETAIN_SELF = YES;
				CLANG_WARN_OBJC_LITERAL_CONVERSION = YES;
				CLANG_WARN_OBJC_ROOT_CLASS = YES_ERROR;
				CLANG_WARN_RANGE_LOOP_ANALYSIS = YES;
				CLANG_WARN_STRICT_PROTOTYPES = YES;
				CLANG_WARN_SUSPICIOUS_MOVE = YES;
				CLANG_WARN_UNGUARDED_AVAILABILITY = YES_AGGRESSIVE;
				CLANG_WARN_UNREACHABLE_CODE = YES;
				CLANG_WARN__DUPLICATE_METHOD_MATCH = YES;
				COPY_PHASE_STRIP = NO;
				DEBUG_INFORMATION_FORMAT = "dwarf-with-dsym";
				ENABLE_NS_ASSERTIONS = NO;
				ENABLE_STRICT_OBJC_MSGSEND = YES;
				GCC_C_LANGUAGE_STANDARD = gnu11;
				GCC_NO_COMMON_BLOCKS = YES;
				GCC_WARN_64_TO_32_BIT_CONVERSION = YES;
				GCC_WARN_ABOUT_RETURN_TYPE = YES_ERROR;
				GCC_WARN_UNDECLARED_SELECTOR = YES;
				GCC_WARN_UNINITIALIZED_AUTOS = YES_AGGRESSIVE;
				GCC_WARN_UNUSED_FUNCTION = YES;
				GCC_WARN_UNUSED_VARIABLE = YES;
				IPHONEOS_DEPLOYMENT_TARGET = 13.2;
				MTL_ENABLE_DEBUG_INFO = NO;
				MTL_FAST_MATH = YES;
				SDKROOT = iphoneos;
				SWIFT_COMPILATION_MODE = wholemodule;
				SWIFT_OPTIMIZATION_LEVEL = "-O";
				VALIDATE_PRODUCT = YES;
			};
			name = Release;
		};
		25AB9B862432BC5A00AD83F6 /* Debug */ = {
			isa = XCBuildConfiguration;
			baseConfigurationReference = 13DD8A7DBD69FD633758D978 /* Pods-OurQueue.debug.xcconfig */;
			buildSettings = {
				ASSETCATALOG_COMPILER_APPICON_NAME = AppIcon;
				BUILD_LIBRARY_FOR_DISTRIBUTION = NO;
				CODE_SIGN_IDENTITY = "Apple Development";
				CODE_SIGN_STYLE = Automatic;
				DEBUG_INFORMATION_FORMAT = "dwarf-with-dsym";
				DEVELOPMENT_TEAM = 9XJ7E5RHQ9;
				ENABLE_NS_ASSERTIONS = NO;
				FRAMEWORK_SEARCH_PATHS = (
					"/Users/bdemilt/Downloads/ios-sdk-master\\ 2/",
					"$(inherited)",
				);
				INFOPLIST_FILE = OurQueue/Info.plist;
				LD_RUNPATH_SEARCH_PATHS = (
					"$(inherited)",
					"@executable_path/Frameworks",
				);
				LIBRARY_SEARCH_PATHS = "$(inherited)";
				OTHER_LDFLAGS = (
					"$(inherited)",
					"-ObjC",
				);
				PRODUCT_BUNDLE_IDENTIFIER = com.Gizzard.OurQueue;
				PRODUCT_NAME = "$(TARGET_NAME)";
				PROVISIONING_PROFILE_SPECIFIER = "";
				SWIFT_OBJC_BRIDGING_HEADER = "OurQueue/OurQueue-Bridging-Header.h";
				SWIFT_SWIFT3_OBJC_INFERENCE = Default;
				SWIFT_VERSION = 5.0;
				TARGETED_DEVICE_FAMILY = "1,2";
			};
			name = Debug;
		};
		25AB9B872432BC5A00AD83F6 /* Release */ = {
			isa = XCBuildConfiguration;
			baseConfigurationReference = F6A12DDE91DB2F2C25EF3FCD /* Pods-OurQueue.release.xcconfig */;
			buildSettings = {
				ASSETCATALOG_COMPILER_APPICON_NAME = AppIcon;
				BUILD_LIBRARY_FOR_DISTRIBUTION = NO;
				CODE_SIGN_IDENTITY = "Apple Development";
				CODE_SIGN_STYLE = Automatic;
				DEVELOPMENT_TEAM = 9XJ7E5RHQ9;
				FRAMEWORK_SEARCH_PATHS = (
					"/Users/bdemilt/Downloads/ios-sdk-master\\ 2/",
					"$(inherited)",
				);
				GCC_GENERATE_DEBUGGING_SYMBOLS = NO;
				HEADER_SEARCH_PATHS = (
					"$(inherited)",
					"\"${PODS_CONFIGURATION_BUILD_DIR}/AlamoRecord/AlamoRecord.framework/Headers\"",
					"\"${PODS_CONFIGURATION_BUILD_DIR}/Alamofire/Alamofire.framework/Headers\"",
					"\"${PODS_CONFIGURATION_BUILD_DIR}/AlamofireObjectMapper/AlamofireObjectMapper.framework/Headers\"",
					"\"${PODS_CONFIGURATION_BUILD_DIR}/ObjectMapper/ObjectMapper.framework/Headers\"",
					"\"${PODS_CONFIGURATION_BUILD_DIR}/Spartan/Spartan.framework/Headers\"",
				);
				INFOPLIST_FILE = OurQueue/Info.plist;
				LD_RUNPATH_SEARCH_PATHS = (
					"$(inherited)",
					"@executable_path/Frameworks",
				);
				LIBRARY_SEARCH_PATHS = "$(inherited)";
				OTHER_LDFLAGS = (
					"$(inherited)",
					"-ObjC",
				);
				PRODUCT_BUNDLE_IDENTIFIER = com.Gizzard.OurQueue;
				PRODUCT_NAME = "$(TARGET_NAME)";
				PROVISIONING_PROFILE_SPECIFIER = "";
				SWIFT_OBJC_BRIDGING_HEADER = "OurQueue/OurQueue-Bridging-Header.h";
				SWIFT_SWIFT3_OBJC_INFERENCE = Default;
				SWIFT_VERSION = 5.0;
				TARGETED_DEVICE_FAMILY = "1,2";
			};
			name = Release;
		};
/* End XCBuildConfiguration section */

/* Begin XCConfigurationList section */
		25AB9B6C2432BC5800AD83F6 /* Build configuration list for PBXProject "OurQueue" */ = {
			isa = XCConfigurationList;
			buildConfigurations = (
				25AB9B832432BC5A00AD83F6 /* Debug */,
				25AB9B842432BC5A00AD83F6 /* Release */,
			);
			defaultConfigurationIsVisible = 0;
			defaultConfigurationName = Release;
		};
		25AB9B852432BC5A00AD83F6 /* Build configuration list for PBXNativeTarget "OurQueue" */ = {
			isa = XCConfigurationList;
			buildConfigurations = (
				25AB9B862432BC5A00AD83F6 /* Debug */,
				25AB9B872432BC5A00AD83F6 /* Release */,
			);
			defaultConfigurationIsVisible = 0;
			defaultConfigurationName = Release;
		};
/* End XCConfigurationList section */

/* Begin XCRemoteSwiftPackageReference section */
		257332DE2439717100FDA145 /* XCRemoteSwiftPackageReference "keychain-swift" */ = {
			isa = XCRemoteSwiftPackageReference;
			repositoryURL = "https://github.com/evgenyneu/keychain-swift.git";
			requirement = {
				kind = upToNextMajorVersion;
				minimumVersion = 19.0.0;
			};
		};
/* End XCRemoteSwiftPackageReference section */

/* Begin XCSwiftPackageProductDependency section */
		257332DF2439717100FDA145 /* KeychainSwift */ = {
			isa = XCSwiftPackageProductDependency;
			package = 257332DE2439717100FDA145 /* XCRemoteSwiftPackageReference "keychain-swift" */;
			productName = KeychainSwift;
		};
/* End XCSwiftPackageProductDependency section */
	};
	rootObject = 25AB9B692432BC5800AD83F6 /* Project object */;
}
