<?xml version="1.0" encoding="UTF-8"?>
<Scheme
   LastUpgradeVersion = "1130"
   version = "1.3">
   <BuildAction
      parallelizeBuildables = "YES"
      buildImplicitDependencies = "YES">
      <BuildActionEntries>
         <BuildActionEntry
            buildForTesting = "YES"
            buildForRunning = "YES"
            buildForProfiling = "YES"
            buildForArchiving = "YES"
            buildForAnalyzing = "YES">
            <BuildableReference
               BuildableIdentifier = "primary"
               BlueprintIdentifier = "25AB9B702432BC5800AD83F6"
               BuildableName = "OurQueue.app"
               BlueprintName = "OurQueue"
               ReferencedContainer = "container:OurQueue.xcodeproj">
            </BuildableReference>
         </BuildActionEntry>
      </BuildActionEntries>
   </BuildAction>
   <TestAction
      buildConfiguration = "Debug"
      selectedDebuggerIdentifier = "Xcode.DebuggerFoundation.Debugger.LLDB"
      selectedLauncherIdentifier = "Xcode.DebuggerFoundation.Launcher.LLDB"
      shouldUseLaunchSchemeArgsEnv = "YES">
      <Testables>
      </Testables>
   </TestAction>
   <LaunchAction
      buildConfiguration = "Debug"
      selectedDebuggerIdentifier = "Xcode.DebuggerFoundation.Debugger.LLDB"
      selectedLauncherIdentifier = "Xcode.DebuggerFoundation.Launcher.LLDB"
      launchStyle = "0"
      useCustomWorkingDirectory = "NO"
      ignoresPersistentStateOnLaunch = "NO"
      debugDocumentVersioning = "YES"
      debugServiceExtension = "internal"
      allowLocationSimulation = "YES">
      <BuildableProductRunnable
         runnableDebuggingMode = "0">
         <BuildableReference
            BuildableIdentifier = "primary"
            BlueprintIdentifier = "25AB9B702432BC5800AD83F6"
            BuildableName = "OurQueue.app"
            BlueprintName = "OurQueue"
            ReferencedContainer = "container:OurQueue.xcodeproj">
         </BuildableReference>
      </BuildableProductRunnable>
      <EnvironmentVariables>
         <EnvironmentVariable
            key = "REFRESH_URL"
            value = "https://us-central1-ourqueue-8223f.cloudfunctions.net/refresh"
            isEnabled = "YES">
         </EnvironmentVariable>
         <EnvironmentVariable
            key = "REFRESH_KEY"
            value = "com.Gizzard.refreshkey"
            isEnabled = "YES">
         </EnvironmentVariable>
         <EnvironmentVariable
            key = "REDIRECT_URI"
            value = "OurQueue://spotify-login-callback"
            isEnabled = "YES">
         </EnvironmentVariable>
         <EnvironmentVariable
            key = "CLIENT_ID"
            value = "f0ac9179e5474647a210ebf993c53306"
            isEnabled = "YES">
         </EnvironmentVariable>
         <EnvironmentVariable
            key = "SWAP_URL"
            value = "https://us-central1-ourqueue-8223f.cloudfunctions.net/swap"
            isEnabled = "YES">
         </EnvironmentVariable>
      </EnvironmentVariables>
   </LaunchAction>
   <ProfileAction
      buildConfiguration = "Release"
      shouldUseLaunchSchemeArgsEnv = "YES"
      savedToolIdentifier = ""
      useCustomWorkingDirectory = "NO"
      debugDocumentVersioning = "YES">
      <BuildableProductRunnable
         runnableDebuggingMode = "0">
         <BuildableReference
            BuildableIdentifier = "primary"
            BlueprintIdentifier = "25AB9B702432BC5800AD83F6"
            BuildableName = "OurQueue.app"
            BlueprintName = "OurQueue"
            ReferencedContainer = "container:OurQueue.xcodeproj">
         </BuildableReference>
      </BuildableProductRunnable>
   </ProfileAction>
   <AnalyzeAction
      buildConfiguration = "Debug">
   </AnalyzeAction>
   <ArchiveAction
      buildConfiguration = "Release"
      revealArchiveInOrganizer = "YES">
   </ArchiveAction>
</Scheme>
